
Microsoft Visual Studio Solution File, Format Version 12.00
# Visual Studio 14
VisualStudioVersion = 14.0.23107.0
MinimumVisualStudioVersion = 10.0.40219.1
Project("{FAE04EC0-301F-11D3-BF4B-00C04F79EFBC}") = "Service1", "Service1\Service1.csproj", "{0F62B82E-5759-44F2-9EF6-EB9A959D6699}"
EndProject
Project("{2150E333-8FDC-42A3-9474-1A3956D46DE8}") = "Build", "Build", "{00590295-791E-4953-9DE8-EFD3CB6E5AEB}"
	ProjectSection(SolutionItems) = preProject
		build.cmd = build.cmd
		build.fsx = build.fsx
		paket.dependencies = paket.dependencies
		README.md = README.md
	EndProjectSection
EndProject
Project("{FAE04EC0-301F-11D3-BF4B-00C04F79EFBC}") = "Service2", "Service2\Service2.csproj", "{0E1C41EE-9E85-41CB-89E0-6CCB1C659F96}"
EndProject
Global
	GlobalSection(SolutionConfigurationPlatforms) = preSolution
		Debug|Any CPU = Debug|Any CPU
		Release|Any CPU = Release|Any CPU
	EndGlobalSection
	GlobalSection(ProjectConfigurationPlatforms) = postSolution
		{0F62B82E-5759-44F2-9EF6-EB9A959D6699}.Debug|Any CPU.ActiveCfg = Debug|Any CPU
		{0F62B82E-5759-44F2-9EF6-EB9A959D6699}.Debug|Any CPU.Build.0 = Debug|Any CPU
		{0F62B82E-5759-44F2-9EF6-EB9A959D6699}.Release|Any CPU.ActiveCfg = Release|Any CPU
		{0F62B82E-5759-44F2-9EF6-EB9A959D6699}.Release|Any CPU.Build.0 = Release|Any CPU
		{0E1C41EE-9E85-41CB-89E0-6CCB1C659F96}.Debug|Any CPU.ActiveCfg = Debug|Any CPU
		{0E1C41EE-9E85-41CB-89E0-6CCB1C659F96}.Debug|Any CPU.Build.0 = Debug|Any CPU
		{0E1C41EE-9E85-41CB-89E0-6CCB1C659F96}.Release|Any CPU.ActiveCfg = Release|Any CPU
		{0E1C41EE-9E85-41CB-89E0-6CCB1C659F96}.Release|Any CPU.Build.0 = Release|Any CPU
	EndGlobalSection
	GlobalSection(SolutionProperties) = preSolution
		HideSolutionNode = FALSE
	EndGlobalSection
EndGlobal
